<?xml version="1.0" encoding="utf-8"?>
<Project ToolsVersion="4.0" xmlns="http://schemas.microsoft.com/developer/msbuild/2003">
  <ItemGroup>
    <Filter Include="Form Files">
      <UniqueIdentifier>{99349809-55BA-4b9d-BF79-8FDBB0286EB3}</UniqueIdentifier>
      <Extensions>ui</Extensions>
      <ParseFiles>false</ParseFiles>
    </Filter>
    <Filter Include="Source Files">
      <UniqueIdentifier>{4FC737F1-C7A5-4376-A066-2A32D752A2FF}</UniqueIdentifier>
      <Extensions>cpp;c;cxx;def;odl;idl;hpj;bat;asm;asmx</Extensions>
    </Filter>
    <Filter Include="Form Files\resources">
      <UniqueIdentifier>{437402e3-c808-4bd8-86db-63fe7c93548d}</UniqueIdentifier>
    </Filter>
    <Filter Include="Form Files\resources\ui">
      <UniqueIdentifier>{82f50a50-a9a3-4abe-a9cd-b432ee40cdc7}</UniqueIdentifier>
    </Filter>
    <Filter Include="Generated Files">
      <UniqueIdentifier>{71ED8ED8-ACB9-4CE9-BBE1-E00B30144E11}</UniqueIdentifier>
      <Extensions>moc;h;cpp</Extensions>
      <ParseFiles>true</ParseFiles>
    </Filter>
    <Filter Include="Header Files">
      <UniqueIdentifier>{93995380-89BD-4b04-88EB-625FBE52EBFB}</UniqueIdentifier>
      <Extensions>h;hpp;hxx;hm;inl;inc;xsd</Extensions>
    </Filter>
    <Filter Include="Header Files\src">
      <UniqueIdentifier>{6c41fa2b-f306-4ebd-ac3a-834c054f5ccc}</UniqueIdentifier>
    </Filter>
    <Filter Include="Header Files\src\include">
      <UniqueIdentifier>{6c6de087-666f-415e-8f2a-e064d47eb79f}</UniqueIdentifier>
    </Filter>
    <Filter Include="Source Files\gui">
      <UniqueIdentifier>{c5b5913e-53a8-4a9e-a5ab-14455467822b}</UniqueIdentifier>
    </Filter>
    <Filter Include="Header Files\gui">
      <UniqueIdentifier>{f93779e5-404d-4259-9715-d26c95ca9f51}</UniqueIdentifier>
    </Filter>
    <Filter Include="Header Files\util">
      <UniqueIdentifier>{4f7f9db1-e99c-4d94-8b20-0f6068805cc7}</UniqueIdentifier>
    </Filter>
    <Filter Include="Source Files\util">
      <UniqueIdentifier>{4c5e016a-83f6-4ea3-b28e-45b96c5bde6d}</UniqueIdentifier>
    </Filter>
    <Filter Include="Generated Files">
      <UniqueIdentifier>{71ED8ED8-ACB9-4CE9-BBE1-E00B30144E11}</UniqueIdentifier>
      <Extensions>moc;h;cpp</Extensions>
      <ParseFiles>true</ParseFiles>
    </Filter>
    <Filter Include="Generated Files\Debug_Win32">
      <UniqueIdentifier>{1cd31c2e-b789-4ecc-b5cb-eb71424ca24d}</UniqueIdentifier>
      <Extensions>cpp;moc</Extensions>
      <SourceControlFiles>False</SourceControlFiles>
    </Filter>
    <Filter Include="Generated Files\Debug_x64">
      <UniqueIdentifier>{3b046449-b904-41f5-9b17-93ddb1ed4d19}</UniqueIdentifier>
      <Extensions>cpp;moc</Extensions>
      <SourceControlFiles>False</SourceControlFiles>
    </Filter>
    <Filter Include="Generated Files\Release_Win32">
      <UniqueIdentifier>{04a979aa-6360-4a8d-8a88-22d5a1a8339e}</UniqueIdentifier>
      <Extensions>cpp;moc</Extensions>
      <SourceControlFiles>False</SourceControlFiles>
    </Filter>
    <Filter Include="Generated Files\Release_x64">
      <UniqueIdentifier>{3c972540-ddf3-47ae-a1b5-bf0739c675c3}</UniqueIdentifier>
      <Extensions>cpp;moc</Extensions>
      <SourceControlFiles>False</SourceControlFiles>
    </Filter>
  </ItemGroup>
  <ItemGroup>
    <ClCompile Include="..\src\gui\qcdm_window.cpp">
      <Filter>Source Files\gui</Filter>
    </ClCompile>
    <ClCompile Include="..\src\gui\application.cpp">
      <Filter>Source Files\gui</Filter>
    </ClCompile>
    <ClCompile Include="..\src\qcdm.cpp">
      <Filter>Source Files</Filter>
    </ClCompile>
    <ClCompile Include="..\src\util\hexdump.cpp">
      <Filter>Source Files\util</Filter>
    </ClCompile>
    <ClCompile Include="..\src\gui\about_dialog.cpp">
      <Filter>Source Files\gui</Filter>
    </ClCompile>
    <ClCompile Include="..\build\Win32-Debug\generated\moc_qcdm_window.cpp">
      <Filter>Generated Files\Debug_Win32</Filter>
    </ClCompile>
    <ClCompile Include="..\build\x64-Debug\generated\moc_qcdm_window.cpp">
      <Filter>Generated Files\Debug_x64</Filter>
    </ClCompile>
    <ClCompile Include="..\build\Win32-Release\generated\moc_qcdm_window.cpp">
      <Filter>Generated Files\Release_Win32</Filter>
    </ClCompile>
    <ClCompile Include="..\build\x64-Release\generated\moc_qcdm_window.cpp">
      <Filter>Generated Files\Release_x64</Filter>
    </ClCompile>
    <ClCompile Include="..\build\Win32-Debug\generated\moc_about_dialog.cpp">
      <Filter>Generated Files\Debug_Win32</Filter>
    </ClCompile>
    <ClCompile Include="..\build\x64-Debug\generated\moc_about_dialog.cpp">
      <Filter>Generated Files\Debug_x64</Filter>
    </ClCompile>
    <ClCompile Include="..\build\Win32-Release\generated\moc_about_dialog.cpp">
      <Filter>Generated Files\Release_Win32</Filter>
    </ClCompile>
    <ClCompile Include="..\build\x64-Release\generated\moc_about_dialog.cpp">
      <Filter>Generated Files\Release_x64</Filter>
    </ClCompile>
  </ItemGroup>
  <ItemGroup>
    <ClInclude Include="..\src\include\win_stdint.h">
      <Filter>Header Files\src\include</Filter>
    </ClInclude>
    <ClInclude Include="..\src\include\win_inttypes.h">
      <Filter>Header Files\src\include</Filter>
    </ClInclude>
    <ClInclude Include="..\src\gui\application.h">
      <Filter>Header Files\gui</Filter>
    </ClInclude>
    <ClInclude Include="..\src\util\hexdump.h">
      <Filter>Source Files\util</Filter>
    </ClInclude>
  </ItemGroup>
  <ItemGroup>
    <CustomBuild Include="..\resources\ui\qcdm_window.ui">
      <Filter>Form Files\resources\ui</Filter>
    </CustomBuild>
    <CustomBuild Include="..\src\gui\qcdm_window.h">
      <Filter>Header Files\gui</Filter>
    </CustomBuild>
    <CustomBuild Include="..\src\include\definitions.h">
      <Filter>Header Files\src\include</Filter>
    </CustomBuild>
    <CustomBuild Include="..\resources\ui\about_dialog.ui">
      <Filter>Form Files\resources\ui</Filter>
    </CustomBuild>
    <CustomBuild Include="..\src\gui\about_dialog.h">
      <Filter>Header Files\gui</Filter>
    </CustomBuild>
  </ItemGroup>
</Project>