<?xml version="1.0" encoding="utf-8"?>
<Project ToolsVersion="4.0" xmlns="http://schemas.microsoft.com/developer/msbuild/2003">
  <ItemGroup>
    <Filter Include="Form Files">
      <UniqueIdentifier>{99349809-55BA-4b9d-BF79-8FDBB0286EB3}</UniqueIdentifier>
      <Extensions>ui</Extensions>
      <ParseFiles>false</ParseFiles>
    </Filter>
    <Filter Include="Generated Files">
      <UniqueIdentifier>{71ED8ED8-ACB9-4CE9-BBE1-E00B30144E11}</UniqueIdentifier>
      <Extensions>cpp;c;cxx;moc;h;def;odl;idl;res;</Extensions>
    </Filter>
    <Filter Include="Source Files">
      <UniqueIdentifier>{4FC737F1-C7A5-4376-A066-2A32D752A2FF}</UniqueIdentifier>
      <Extensions>cpp;c;cxx;def;odl;idl;hpj;bat;asm;asmx</Extensions>
    </Filter>
    <Filter Include="Form Files\resources">
      <UniqueIdentifier>{437402e3-c808-4bd8-86db-63fe7c93548d}</UniqueIdentifier>
    </Filter>
    <Filter Include="Form Files\resources\ui">
      <UniqueIdentifier>{82f50a50-a9a3-4abe-a9cd-b432ee40cdc7}</UniqueIdentifier>
    </Filter>
    <Filter Include="Generated Files">
      <UniqueIdentifier>{71ED8ED8-ACB9-4CE9-BBE1-E00B30144E11}</UniqueIdentifier>
      <Extensions>moc;h;cpp</Extensions>
      <ParseFiles>true</ParseFiles>
    </Filter>
    <Filter Include="Header Files">
      <UniqueIdentifier>{93995380-89BD-4b04-88EB-625FBE52EBFB}</UniqueIdentifier>
      <Extensions>h;hpp;hxx;hm;inl;inc;xsd</Extensions>
    </Filter>
    <Filter Include="Generated Files\Debug_Win32">
      <UniqueIdentifier>{ebd6fd09-8e98-4170-9fa1-ff566098ee0e}</UniqueIdentifier>
      <Extensions>cpp;moc</Extensions>
      <SourceControlFiles>False</SourceControlFiles>
    </Filter>
    <Filter Include="Generated Files\Release_Win32">
      <UniqueIdentifier>{80101098-c283-44d5-a653-039ec4b1669c}</UniqueIdentifier>
      <Extensions>cpp;moc</Extensions>
      <SourceControlFiles>False</SourceControlFiles>
    </Filter>
    <Filter Include="Generated Files\Debug_x64">
      <UniqueIdentifier>{986c4173-96c4-45c0-b510-4a4c7a00c17f}</UniqueIdentifier>
      <Extensions>cpp;moc</Extensions>
      <SourceControlFiles>False</SourceControlFiles>
    </Filter>
    <Filter Include="Generated Files\Release_x64">
      <UniqueIdentifier>{5fa69d6c-dde4-4eb9-b604-3353e1d87d7e}</UniqueIdentifier>
      <Extensions>cpp;moc</Extensions>
      <SourceControlFiles>False</SourceControlFiles>
    </Filter>
    <Filter Include="Source Files\gui">
      <UniqueIdentifier>{c5b5913e-53a8-4a9e-a5ab-14455467822b}</UniqueIdentifier>
    </Filter>
    <Filter Include="Source Files\worker">
      <UniqueIdentifier>{5a62f67b-abda-4f98-ba1c-e434b87bcfd1}</UniqueIdentifier>
    </Filter>
    <Filter Include="Header Files\gui">
      <UniqueIdentifier>{f93779e5-404d-4259-9715-d26c95ca9f51}</UniqueIdentifier>
    </Filter>
    <Filter Include="Header Files\include">
      <UniqueIdentifier>{6c6de087-666f-415e-8f2a-e064d47eb79f}</UniqueIdentifier>
    </Filter>
    <Filter Include="Header Files\worker">
      <UniqueIdentifier>{e90ce53f-72bf-4f00-91d3-f910830b6794}</UniqueIdentifier>
    </Filter>
    <Filter Include="Header Files\util">
      <UniqueIdentifier>{09ac2d0e-a963-4fde-8d6c-2940dc2dcb14}</UniqueIdentifier>
    </Filter>
    <Filter Include="Source Files\util">
      <UniqueIdentifier>{6b0d8708-4d7a-4954-af9b-0b382afc3211}</UniqueIdentifier>
    </Filter>
  </ItemGroup>
  <ItemGroup>
    <ClCompile Include="..\src\gui\sahara_window.cpp">
      <Filter>Source Files\gui</Filter>
    </ClCompile>
    <ClCompile Include="..\src\worker\sahara_memory_read_worker.cpp">
      <Filter>Source Files\worker</Filter>
    </ClCompile>
    <ClCompile Include="..\src\worker\sahara_image_transfer_worker.cpp">
      <Filter>Source Files\worker</Filter>
    </ClCompile>
    <ClCompile Include="..\build\Win32-Debug\generated\moc_sahara_memory_read_worker.cpp">
      <Filter>Generated Files\Debug_Win32</Filter>
    </ClCompile>
    <ClCompile Include="..\build\x64-Debug\generated\moc_sahara_memory_read_worker.cpp">
      <Filter>Generated Files\Debug_x64</Filter>
    </ClCompile>
    <ClCompile Include="..\build\Win32-Release\generated\moc_sahara_memory_read_worker.cpp">
      <Filter>Generated Files\Release_Win32</Filter>
    </ClCompile>
    <ClCompile Include="..\build\x64-Release\generated\moc_sahara_memory_read_worker.cpp">
      <Filter>Generated Files\Release_x64</Filter>
    </ClCompile>
    <ClCompile Include="..\build\Win32-Debug\generated\moc_sahara_image_transfer_worker.cpp">
      <Filter>Generated Files\Debug_Win32</Filter>
    </ClCompile>
    <ClCompile Include="..\build\x64-Debug\generated\moc_sahara_image_transfer_worker.cpp">
      <Filter>Generated Files\Debug_x64</Filter>
    </ClCompile>
    <ClCompile Include="..\build\Win32-Release\generated\moc_sahara_image_transfer_worker.cpp">
      <Filter>Generated Files\Release_Win32</Filter>
    </ClCompile>
    <ClCompile Include="..\build\x64-Release\generated\moc_sahara_image_transfer_worker.cpp">
      <Filter>Generated Files\Release_x64</Filter>
    </ClCompile>
    <ClCompile Include="..\src\gui\application.cpp">
      <Filter>Source Files\gui</Filter>
    </ClCompile>
    <ClCompile Include="..\src\sahara.cpp">
      <Filter>Source Files</Filter>
    </ClCompile>
    <ClCompile Include="..\src\util\hexdump.cpp">
      <Filter>Source Files\util</Filter>
    </ClCompile>
    <ClCompile Include="..\build\Win32-Debug\generated\moc_sahara_window.cpp">
      <Filter>Generated Files\Debug_Win32</Filter>
    </ClCompile>
    <ClCompile Include="..\build\x64-Debug\generated\moc_sahara_window.cpp">
      <Filter>Generated Files\Debug_x64</Filter>
    </ClCompile>
    <ClCompile Include="..\build\Win32-Release\generated\moc_sahara_window.cpp">
      <Filter>Generated Files\Release_Win32</Filter>
    </ClCompile>
    <ClCompile Include="..\build\x64-Release\generated\moc_sahara_window.cpp">
      <Filter>Generated Files\Release_x64</Filter>
    </ClCompile>
  </ItemGroup>
  <ItemGroup>
    <ClInclude Include="..\src\include\win_stdint.h">
      <Filter>Header Files\include</Filter>
    </ClInclude>
    <ClInclude Include="..\src\include\win_inttypes.h">
      <Filter>Header Files\include</Filter>
    </ClInclude>
    <ClInclude Include="..\build\$(PlatformName)-$(ConfigurationName)\generated\ui_sahara_window.h">
      <Filter>Generated Files</Filter>
    </ClInclude>
    <ClInclude Include="..\src\gui\application.h">
      <Filter>Header Files\gui</Filter>
    </ClInclude>
    <ClInclude Include="..\src\util\hexdump.h">
      <Filter>Header Files\util</Filter>
    </ClInclude>
  </ItemGroup>
  <ItemGroup>
    <CustomBuild Include="..\resources\ui\sahara_window.ui">
      <Filter>Form Files\resources\ui</Filter>
    </CustomBuild>
    <CustomBuild Include="..\src\gui\sahara_window.h">
      <Filter>Header Files\gui</Filter>
    </CustomBuild>
    <CustomBuild Include="..\src\include\definitions.h">
      <Filter>Header Files\include</Filter>
    </CustomBuild>
    <CustomBuild Include="..\src\worker\sahara_memory_read_worker.h">
      <Filter>Header Files\worker</Filter>
    </CustomBuild>
    <CustomBuild Include="..\src\worker\sahara_image_transfer_worker.h">
      <Filter>Header Files\worker</Filter>
    </CustomBuild>
  </ItemGroup>
</Project>