<?xml version="1.0" encoding="utf-8"?>
<Project ToolsVersion="4.0" xmlns="http://schemas.microsoft.com/developer/msbuild/2003">
  <ItemGroup>
    <Filter Include="Source Files">
      <UniqueIdentifier>{cf3bdec6-ef8a-476b-82ac-2ed250bb1e41}</UniqueIdentifier>
    </Filter>
    <Filter Include="Header Files">
      <UniqueIdentifier>{e356823c-f5a6-4a4c-b389-26fc0d9e3bb2}</UniqueIdentifier>
    </Filter>
    <Filter Include="Header Files\openpst">
      <UniqueIdentifier>{6137cc72-eee5-491b-ae75-8dc8ee01361e}</UniqueIdentifier>
    </Filter>
    <Filter Include="Header Files\openpst\src">
      <UniqueIdentifier>{4775fa67-8c17-4cb6-a8f9-00b3ace2cfe8}</UniqueIdentifier>
    </Filter>
    <Filter Include="Header Files\openpst\src\serial">
      <UniqueIdentifier>{38ba9be3-5829-4709-8f1b-f74152705352}</UniqueIdentifier>
    </Filter>
    <Filter Include="Source Files\openpst">
      <UniqueIdentifier>{a02bc3bb-ac4d-4cab-9d7d-ee0e0fa55e36}</UniqueIdentifier>
    </Filter>
    <Filter Include="Source Files\openpst\src">
      <UniqueIdentifier>{d5fce7cd-8e3a-48d4-aaf4-7ce86436be86}</UniqueIdentifier>
    </Filter>
    <Filter Include="Source Files\openpst\src\serial">
      <UniqueIdentifier>{6dc14393-a6a6-4339-8dd2-c73afdeb196e}</UniqueIdentifier>
    </Filter>
    <Filter Include="Source Files\openpst\src\qc">
      <UniqueIdentifier>{966c7879-d7bd-4adf-9558-6f918a5f9943}</UniqueIdentifier>
    </Filter>
    <Filter Include="Header Files\openpst\src\qc">
      <UniqueIdentifier>{6b3a33f6-e9ab-47e1-817c-b2369608fc27}</UniqueIdentifier>
    </Filter>
  </ItemGroup>
  <ItemGroup>
    <ClCompile Include="qcdm.c">
      <Filter>Source Files</Filter>
    </ClCompile>
    <ClCompile Include="main.c">
      <Filter>Source Files</Filter>
    </ClCompile>
    <ClCompile Include="..\..\src\serial\hdlc_serial.cpp">
      <Filter>Source Files\openpst\src\serial</Filter>
    </ClCompile>
    <ClCompile Include="..\..\src\serial\qcdm_serial.cpp">
      <Filter>Source Files\openpst\src\serial</Filter>
    </ClCompile>
    <ClCompile Include="..\..\src\serial\sahara_serial.cpp">
      <Filter>Source Files\openpst\src\serial</Filter>
    </ClCompile>
    <ClCompile Include="..\..\src\serial\streaming_dload_serial.cpp">
      <Filter>Source Files\openpst\src\serial</Filter>
    </ClCompile>
    <ClCompile Include="..\..\src\qc\crc.cpp">
      <Filter>Source Files\openpst\src\qc</Filter>
    </ClCompile>
    <ClCompile Include="..\..\src\qc\hdlc.cpp">
      <Filter>Source Files\openpst\src\qc</Filter>
    </ClCompile>
  </ItemGroup>
  <ItemGroup>
    <ClInclude Include="qcdm.h">
      <Filter>Header Files</Filter>
    </ClInclude>
    <ClInclude Include="..\..\src\serial\hdlc_serial.h">
      <Filter>Header Files\openpst\src\serial</Filter>
    </ClInclude>
    <ClInclude Include="..\..\src\serial\qcdm_serial.h">
      <Filter>Header Files\openpst\src\serial</Filter>
    </ClInclude>
    <ClInclude Include="..\..\src\serial\sahara_serial.h">
      <Filter>Header Files\openpst\src\serial</Filter>
    </ClInclude>
    <ClInclude Include="..\..\src\serial\streaming_dload_serial.h">
      <Filter>Header Files\openpst\src\serial</Filter>
    </ClInclude>
    <ClInclude Include="..\..\src\qc\crc.h">
      <Filter>Header Files\openpst\src\qc</Filter>
    </ClInclude>
    <ClInclude Include="..\..\src\qc\diag.h">
      <Filter>Header Files\openpst\src\qc</Filter>
    </ClInclude>
    <ClInclude Include="..\..\src\qc\diag_nv.h">
      <Filter>Header Files\openpst\src\qc</Filter>
    </ClInclude>
    <ClInclude Include="..\..\src\qc\dload.h">
      <Filter>Header Files\openpst\src\qc</Filter>
    </ClInclude>
    <ClInclude Include="..\..\src\qc\hdlc.h">
      <Filter>Header Files\openpst\src\qc</Filter>
    </ClInclude>
    <ClInclude Include="..\..\src\qc\mbn.h">
      <Filter>Header Files\openpst\src\qc</Filter>
    </ClInclude>
    <ClInclude Include="..\..\src\qc\qcdm_nv_response_def.h">
      <Filter>Header Files\openpst\src\qc</Filter>
    </ClInclude>
    <ClInclude Include="..\..\src\qc\qcdm_packet_types.h">
      <Filter>Header Files\openpst\src\qc</Filter>
    </ClInclude>
    <ClInclude Include="..\..\src\qc\sahara.h">
      <Filter>Header Files\openpst\src\qc</Filter>
    </ClInclude>
    <ClInclude Include="..\..\src\qc\streaming_dload.h">
      <Filter>Header Files\openpst\src\qc</Filter>
    </ClInclude>
  </ItemGroup>
</Project>